
Microsoft Visual Studio Solution File, Format Version 12.00
# Visual Studio 14
VisualStudioVersion = 14.0.24720.0
MinimumVisualStudioVersion = 10.0.40219.1
Project("{2150E333-8FDC-42A3-9474-1A3956D46DE8}") = "src", "src", "{85D736D7-A458-46FE-9ACB-28D1D78B5360}"
EndProject
Project("{2150E333-8FDC-42A3-9474-1A3956D46DE8}") = "Solution Items", "Solution Items", "{21B250EF-8213-4D46-8B92-28463BF6025C}"
	ProjectSection(SolutionItems) = preProject
		global.json = global.json
	EndProjectSection
EndProject
Project("{8BB2217D-0F2D-49D1-97BC-3654ED321F3B}") = "TheWorld", "src\TheWorld\TheWorld.xproj", "{667241CC-2D11-434A-8532-BA6C2192B5D1}"
EndProject
Global
	GlobalSection(SolutionConfigurationPlatforms) = preSolution
		Debug|Any CPU = Debug|Any CPU
		Release|Any CPU = Release|Any CPU
	EndGlobalSection
	GlobalSection(ProjectConfigurationPlatforms) = postSolution
		{667241CC-2D11-434A-8532-BA6C2192B5D1}.Debug|Any CPU.ActiveCfg = Debug|Any CPU
		{667241CC-2D11-434A-8532-BA6C2192B5D1}.Debug|Any CPU.Build.0 = Debug|Any CPU
		{667241CC-2D11-434A-8532-BA6C2192B5D1}.Release|Any CPU.ActiveCfg = Release|Any CPU
		{667241CC-2D11-434A-8532-BA6C2192B5D1}.Release|Any CPU.Build.0 = Release|Any CPU
	EndGlobalSection
	GlobalSection(SolutionProperties) = preSolution
		HideSolutionNode = FALSE
	EndGlobalSection
	GlobalSection(NestedProjects) = preSolution
		{667241CC-2D11-434A-8532-BA6C2192B5D1} = {85D736D7-A458-46FE-9ACB-28D1D78B5360}
	EndGlobalSection
EndGlobal
